{
  "nodes": {
    "crane": {
      "locked": {
        "lastModified": 1725409566,
        "narHash": "sha256-PrtLmqhM6UtJP7v7IGyzjBFhbG4eOAHT6LPYOFmYfbk=",
        "owner": "ipetkov",
        "repo": "crane",
        "rev": "7e4586bad4e3f8f97a9271def747cf58c4b68f3c",
        "type": "github"
      },
      "original": {
        "owner": "ipetkov",
        "repo": "crane",
        "type": "github"
      }
    },
    "nixpkgs": {
      "locked": {
        "lastModified": 1726755586,
        "narHash": "sha256-PmUr/2GQGvFTIJ6/Tvsins7Q43KTMvMFhvG6oaYK+Wk=",
        "owner": "NixOS",
        "repo": "nixpkgs",
        "rev": "c04d5652cfa9742b1d519688f65d1bbccea9eb7e",
        "type": "github"
      },
      "original": {
        "owner": "NixOS",
        "ref": "nixos-unstable",
        "repo": "nixpkgs",
        "type": "github"
      }
    },
    "root": {
      "inputs": {
        "crane": "crane",
        "nixpkgs": "nixpkgs",
        "rust-overlay": "rust-overlay"
      }
    },
    "rust-overlay": {
      "inputs": {
        "nixpkgs": [
          "nixpkgs"
        ]
      },
      "locked": {
        "lastModified": 1726972233,
        "narHash": "sha256-FlL/bNESOtDQoczRhmPfReNAmLqVg+dAX4HectPOOf0=",
        "owner": "oxalica",
        "repo": "rust-overlay",
        "rev": "36d73192555e569d27579f6c486fea3ab768823c",
        "type": "github"
      },
      "original": {
        "owner": "oxalica",
        "repo": "rust-overlay",
        "type": "github"
      }
    }
  },
  "root": "root",
  "version": 7
}
